<?xml version="1.0" encoding="utf-8"?>
<Project ToolsVersion="4.0" xmlns="http://schemas.microsoft.com/developer/msbuild/2003">
  <ItemGroup>
    <Filter Include="소스 파일">
      <UniqueIdentifier>{4FC737F1-C7A5-4376-A066-2A32D752A2FF}</UniqueIdentifier>
      <Extensions>cpp;c;cc;cxx;c++;cppm;ixx;def;odl;idl;hpj;bat;asm;asmx</Extensions>
    </Filter>
    <Filter Include="헤더 파일">
      <UniqueIdentifier>{93995380-89BD-4b04-88EB-625FBE52EBFB}</UniqueIdentifier>
      <Extensions>h;hh;hpp;hxx;h++;hm;inl;inc;ipp;xsd</Extensions>
    </Filter>
    <Filter Include="소스 파일\리소스 파일">
      <UniqueIdentifier>{67DA6AB6-F800-4c08-8B7A-83BB121AAD01}</UniqueIdentifier>
      <Extensions>rc;ico;cur;bmp;dlg;rc2;rct;bin;rgs;gif;jpg;jpeg;jpe;resx;tiff;tif;png;wav;mfcribbon-ms</Extensions>
    </Filter>
    <Filter Include="FSM">
      <UniqueIdentifier>{a994acbc-ff81-4afd-b89b-3c3d19674136}</UniqueIdentifier>
    </Filter>
  </ItemGroup>
  <ItemGroup>
    <ClInclude Include="Sample.h">
      <Filter>헤더 파일</Filter>
    </ClInclude>
    <ClInclude Include="CLobbyScene.h">
      <Filter>헤더 파일</Filter>
    </ClInclude>
    <ClInclude Include="C1PhaseScene.h">
      <Filter>헤더 파일</Filter>
    </ClInclude>
    <ClInclude Include="C2PhaseScene.h">
      <Filter>헤더 파일</Filter>
    </ClInclude>
    <ClInclude Include="C3PhaseScene.h">
      <Filter>헤더 파일</Filter>
    </ClInclude>
    <ClInclude Include="CPlayableCharacter.h">
      <Filter>헤더 파일</Filter>
    </ClInclude>
    <ClInclude Include="CSkill.h">
      <Filter>헤더 파일</Filter>
    </ClInclude>
    <ClInclude Include="CBoss.h">
      <Filter>헤더 파일</Filter>
    </ClInclude>
    <ClInclude Include="CSkillEffect.h">
      <Filter>헤더 파일</Filter>
    </ClInclude>
    <ClInclude Include="CTraceState.h">
      <Filter>FSM</Filter>
    </ClInclude>
    <ClInclude Include="CStandState.h">
      <Filter>FSM</Filter>
    </ClInclude>
    <ClInclude Include="CMoveState.h">
      <Filter>FSM</Filter>
    </ClInclude>
    <ClInclude Include="CFSM.h">
      <Filter>FSM</Filter>
    </ClInclude>
    <ClInclude Include="CFinitState.h">
      <Filter>FSM</Filter>
    </ClInclude>
    <ClInclude Include="CAttackState.h">
      <Filter>FSM</Filter>
    </ClInclude>
    <ClInclude Include="CDeadState.h">
      <Filter>FSM</Filter>
    </ClInclude>
    <ClInclude Include="CSKill1State.h">
      <Filter>FSM</Filter>
    </ClInclude>
    <ClInclude Include="CBossSkill.h">
      <Filter>헤더 파일</Filter>
    </ClInclude>
    <ClInclude Include="CScene.h">
      <Filter>헤더 파일</Filter>
    </ClInclude>
    <ClInclude Include="CSkill2State.h">
      <Filter>FSM</Filter>
    </ClInclude>
    <ClInclude Include="C5thSkill.h">
      <Filter>헤더 파일</Filter>
    </ClInclude>
    <ClInclude Include="CUI.h">
      <Filter>헤더 파일</Filter>
    </ClInclude>
    <ClInclude Include="DamageIndicator.h">
      <Filter>헤더 파일</Filter>
    </ClInclude>
  </ItemGroup>
  <ItemGroup>
    <ClCompile Include="Sample.cpp">
      <Filter>소스 파일</Filter>
    </ClCompile>
    <ClCompile Include="CLobbyScene.cpp">
      <Filter>소스 파일</Filter>
    </ClCompile>
    <ClCompile Include="C1PhaseScene.cpp">
      <Filter>소스 파일</Filter>
    </ClCompile>
    <ClCompile Include="C2PhaseScene.cpp">
      <Filter>소스 파일</Filter>
    </ClCompile>
    <ClCompile Include="C3PhaseScene.cpp">
      <Filter>소스 파일</Filter>
    </ClCompile>
    <ClCompile Include="CPlayableCharacter.cpp">
      <Filter>소스 파일</Filter>
    </ClCompile>
    <ClCompile Include="CSkill.cpp">
      <Filter>소스 파일</Filter>
    </ClCompile>
    <ClCompile Include="CBoss.cpp">
      <Filter>소스 파일</Filter>
    </ClCompile>
    <ClCompile Include="CSkillEffect.cpp">
      <Filter>소스 파일</Filter>
    </ClCompile>
    <ClCompile Include="CFSM.cpp">
      <Filter>FSM</Filter>
    </ClCompile>
    <ClCompile Include="CMoveState.cpp">
      <Filter>FSM</Filter>
    </ClCompile>
    <ClCompile Include="CAttackState.cpp">
      <Filter>FSM</Filter>
    </ClCompile>
    <ClCompile Include="CFinitState.cpp">
      <Filter>FSM</Filter>
    </ClCompile>
    <ClCompile Include="CStandState.cpp">
      <Filter>FSM</Filter>
    </ClCompile>
    <ClCompile Include="CTraceState.cpp">
      <Filter>FSM</Filter>
    </ClCompile>
    <ClCompile Include="CDeadState.cpp">
      <Filter>FSM</Filter>
    </ClCompile>
    <ClCompile Include="CSKill1State.cpp">
      <Filter>FSM</Filter>
    </ClCompile>
    <ClCompile Include="CBossSkill.cpp">
      <Filter>소스 파일</Filter>
    </ClCompile>
    <ClCompile Include="CScene.cpp">
      <Filter>소스 파일</Filter>
    </ClCompile>
    <ClCompile Include="CSkill2State.cpp">
      <Filter>FSM</Filter>
    </ClCompile>
    <ClCompile Include="C5thSkill.cpp">
      <Filter>소스 파일</Filter>
    </ClCompile>
    <ClCompile Include="CUI.cpp">
      <Filter>소스 파일</Filter>
    </ClCompile>
    <ClCompile Include="DamageIndicator.cpp">
      <Filter>소스 파일</Filter>
    </ClCompile>
  </ItemGroup>
  <ItemGroup>
    <Library Include="..\..\CCoreLib\Lib\CCoreLib.lib">
      <Filter>헤더 파일</Filter>
    </Library>
    <Library Include="..\..\CCoreLib\Lib\DirectXTex.lib">
      <Filter>헤더 파일</Filter>
    </Library>
  </ItemGroup>
</Project>